
Microsoft Visual Studio Solution File, Format Version 12.00
# Visual Studio Version 17
VisualStudioVersion = 17.5.33502.453
MinimumVisualStudioVersion = 10.0.40219.1
Project("{FAE04EC0-301F-11D3-BF4B-00C04F79EFBC}") = "UWPMenuFlyoutExperiments", "UWPMenuFlyoutExperiments\UWPMenuFlyoutExperiments.csproj", "{6A98E9F1-C533-4CF2-A2EC-1813F77D4C01}"
EndProject
Global
	GlobalSection(SolutionConfigurationPlatforms) = preSolution
		Debug|ARM = Debug|ARM
		Debug|ARM64 = Debug|ARM64
		Debug|x64 = Debug|x64
		Debug|x86 = Debug|x86
		Release|ARM = Release|ARM
		Release|ARM64 = Release|ARM64
		Release|x64 = Release|x64
		Release|x86 = Release|x86
	EndGlobalSection
	GlobalSection(ProjectConfigurationPlatforms) = postSolution
		{6A98E9F1-C533-4CF2-A2EC-1813F77D4C01}.Debug|ARM.ActiveCfg = Debug|ARM
		{6A98E9F1-C533-4CF2-A2EC-1813F77D4C01}.Debug|ARM.Build.0 = Debug|ARM
		{6A98E9F1-C533-4CF2-A2EC-1813F77D4C01}.Debug|ARM.Deploy.0 = Debug|ARM
		{6A98E9F1-C533-4CF2-A2EC-1813F77D4C01}.Debug|ARM64.ActiveCfg = Debug|ARM64
		{6A98E9F1-C533-4CF2-A2EC-1813F77D4C01}.Debug|ARM64.Build.0 = Debug|ARM64
		{6A98E9F1-C533-4CF2-A2EC-1813F77D4C01}.Debug|ARM64.Deploy.0 = Debug|ARM64
		{6A98E9F1-C533-4CF2-A2EC-1813F77D4C01}.Debug|x64.ActiveCfg = Debug|x64
		{6A98E9F1-C533-4CF2-A2EC-1813F77D4C01}.Debug|x64.Build.0 = Debug|x64
		{6A98E9F1-C533-4CF2-A2EC-1813F77D4C01}.Debug|x64.Deploy.0 = Debug|x64
		{6A98E9F1-C533-4CF2-A2EC-1813F77D4C01}.Debug|x86.ActiveCfg = Debug|x86
		{6A98E9F1-C533-4CF2-A2EC-1813F77D4C01}.Debug|x86.Build.0 = Debug|x86
		{6A98E9F1-C533-4CF2-A2EC-1813F77D4C01}.Debug|x86.Deploy.0 = Debug|x86
		{6A98E9F1-C533-4CF2-A2EC-1813F77D4C01}.Release|ARM.ActiveCfg = Release|ARM
		{6A98E9F1-C533-4CF2-A2EC-1813F77D4C01}.Release|ARM.Build.0 = Release|ARM
		{6A98E9F1-C533-4CF2-A2EC-1813F77D4C01}.Release|ARM.Deploy.0 = Release|ARM
		{6A98E9F1-C533-4CF2-A2EC-1813F77D4C01}.Release|ARM64.ActiveCfg = Release|ARM64
		{6A98E9F1-C533-4CF2-A2EC-1813F77D4C01}.Release|ARM64.Build.0 = Release|ARM64
		{6A98E9F1-C533-4CF2-A2EC-1813F77D4C01}.Release|ARM64.Deploy.0 = Release|ARM64
		{6A98E9F1-C533-4CF2-A2EC-1813F77D4C01}.Release|x64.ActiveCfg = Release|x64
		{6A98E9F1-C533-4CF2-A2EC-1813F77D4C01}.Release|x64.Build.0 = Release|x64
		{6A98E9F1-C533-4CF2-A2EC-1813F77D4C01}.Release|x64.Deploy.0 = Release|x64
		{6A98E9F1-C533-4CF2-A2EC-1813F77D4C01}.Release|x86.ActiveCfg = Release|x86
		{6A98E9F1-C533-4CF2-A2EC-1813F77D4C01}.Release|x86.Build.0 = Release|x86
		{6A98E9F1-C533-4CF2-A2EC-1813F77D4C01}.Release|x86.Deploy.0 = Release|x86
	EndGlobalSection
	GlobalSection(SolutionProperties) = preSolution
		HideSolutionNode = FALSE
	EndGlobalSection
	GlobalSection(ExtensibilityGlobals) = postSolution
		SolutionGuid = {E5193AD7-0C05-4207-B128-CD87A43C2908}
	EndGlobalSection
EndGlobal
